
Microsoft Visual Studio Solution File, Format Version 12.00
# Visual Studio Version 16
VisualStudioVersion = 16.0.29709.97
MinimumVisualStudioVersion = 10.0.40219.1
Project("{FAE04EC0-301F-11D3-BF4B-00C04F79EFBC}") = "WebCoreNet7", "WebCoreNet7\WebCoreNet7.csproj", "{78B9565D-3780-47C9-AFB3-A60032A8B610}"
EndProject
Global
	GlobalSection(SolutionConfigurationPlatforms) = preSolution
		Debug|Any CPU = Debug|Any CPU
		Release|Any CPU = Release|Any CPU
	EndGlobalSection
	GlobalSection(ProjectConfigurationPlatforms) = postSolution
		{78B9565D-3780-47C9-AFB3-A60032A8B610}.Debug|Any CPU.ActiveCfg = Debug|Any CPU
		{78B9565D-3780-47C9-AFB3-A60032A8B610}.Debug|Any CPU.Build.0 = Debug|Any CPU
		{78B9565D-3780-47C9-AFB3-A60032A8B610}.Release|Any CPU.ActiveCfg = Release|Any CPU
		{78B9565D-3780-47C9-AFB3-A60032A8B610}.Release|Any CPU.Build.0 = Release|Any CPU
	EndGlobalSection
	GlobalSection(SolutionProperties) = preSolution
		HideSolutionNode = FALSE
	EndGlobalSection
	GlobalSection(ExtensibilityGlobals) = postSolution
		SolutionGuid = {8813EABF-E53A-4928-AD11-A4C4378B1F37}
	EndGlobalSection
EndGlobal
